
Microsoft Visual Studio Solution File, Format Version 12.00
# Visual Studio Version 16
VisualStudioVersion = 16.0.31729.503
MinimumVisualStudioVersion = 10.0.40219.1
Project("{9A19103F-16F7-4668-BE54-9A1E7A4F7556}") = "MovieService", "MovieService\MovieService.csproj", "{B4931FB2-D167-4416-BDDA-8D910D122AB1}"
EndProject
Project("{9A19103F-16F7-4668-BE54-9A1E7A4F7556}") = "UserService", "UserService\UserService.csproj", "{8CF7AF79-8C96-4E61-AA53-B7F30F1FC8BE}"
EndProject
Project("{9A19103F-16F7-4668-BE54-9A1E7A4F7556}") = "TheatreService", "TheatreService\TheatreService.csproj", "{1844665A-2A4F-4F85-A743-B37C2B189904}"
EndProject
Project("{9A19103F-16F7-4668-BE54-9A1E7A4F7556}") = "TicketService", "TicketService\TicketService.csproj", "{15020DA4-588B-4BDB-B8B2-5E965F6C2B22}"
EndProject
Project("{FAE04EC0-301F-11D3-BF4B-00C04F79EFBC}") = "APIGateway", "APIGateway\APIGateway.csproj", "{F17B372C-2872-4BA6-BED7-D8071742029D}"
EndProject
Global
	GlobalSection(SolutionConfigurationPlatforms) = preSolution
		Debug|Any CPU = Debug|Any CPU
		Release|Any CPU = Release|Any CPU
	EndGlobalSection
	GlobalSection(ProjectConfigurationPlatforms) = postSolution
		{B4931FB2-D167-4416-BDDA-8D910D122AB1}.Debug|Any CPU.ActiveCfg = Debug|Any CPU
		{B4931FB2-D167-4416-BDDA-8D910D122AB1}.Debug|Any CPU.Build.0 = Debug|Any CPU
		{B4931FB2-D167-4416-BDDA-8D910D122AB1}.Release|Any CPU.ActiveCfg = Release|Any CPU
		{B4931FB2-D167-4416-BDDA-8D910D122AB1}.Release|Any CPU.Build.0 = Release|Any CPU
		{8CF7AF79-8C96-4E61-AA53-B7F30F1FC8BE}.Debug|Any CPU.ActiveCfg = Debug|Any CPU
		{8CF7AF79-8C96-4E61-AA53-B7F30F1FC8BE}.Debug|Any CPU.Build.0 = Debug|Any CPU
		{8CF7AF79-8C96-4E61-AA53-B7F30F1FC8BE}.Release|Any CPU.ActiveCfg = Release|Any CPU
		{8CF7AF79-8C96-4E61-AA53-B7F30F1FC8BE}.Release|Any CPU.Build.0 = Release|Any CPU
		{1844665A-2A4F-4F85-A743-B37C2B189904}.Debug|Any CPU.ActiveCfg = Debug|Any CPU
		{1844665A-2A4F-4F85-A743-B37C2B189904}.Debug|Any CPU.Build.0 = Debug|Any CPU
		{1844665A-2A4F-4F85-A743-B37C2B189904}.Release|Any CPU.ActiveCfg = Release|Any CPU
		{1844665A-2A4F-4F85-A743-B37C2B189904}.Release|Any CPU.Build.0 = Release|Any CPU
		{15020DA4-588B-4BDB-B8B2-5E965F6C2B22}.Debug|Any CPU.ActiveCfg = Debug|Any CPU
		{15020DA4-588B-4BDB-B8B2-5E965F6C2B22}.Debug|Any CPU.Build.0 = Debug|Any CPU
		{15020DA4-588B-4BDB-B8B2-5E965F6C2B22}.Release|Any CPU.ActiveCfg = Release|Any CPU
		{15020DA4-588B-4BDB-B8B2-5E965F6C2B22}.Release|Any CPU.Build.0 = Release|Any CPU
		{F17B372C-2872-4BA6-BED7-D8071742029D}.Debug|Any CPU.ActiveCfg = Debug|Any CPU
		{F17B372C-2872-4BA6-BED7-D8071742029D}.Debug|Any CPU.Build.0 = Debug|Any CPU
		{F17B372C-2872-4BA6-BED7-D8071742029D}.Release|Any CPU.ActiveCfg = Release|Any CPU
		{F17B372C-2872-4BA6-BED7-D8071742029D}.Release|Any CPU.Build.0 = Release|Any CPU
	EndGlobalSection
	GlobalSection(SolutionProperties) = preSolution
		HideSolutionNode = FALSE
	EndGlobalSection
	GlobalSection(ExtensibilityGlobals) = postSolution
		SolutionGuid = {3C3AAF61-D5DF-443B-BE91-19B9EE98A674}
	EndGlobalSection
EndGlobal
